
Microsoft Visual Studio Solution File, Format Version 12.00
# Visual Studio Version 17
VisualStudioVersion = 17.8.34309.116
MinimumVisualStudioVersion = 10.0.40219.1
Project("{FAE04EC0-301F-11D3-BF4B-00C04F79EFBC}") = "mongo-net-asp-csharp", "mongo-net-asp-csharp.csproj", "{0827CB91-8C46-4EB0-8C75-63A8E1125C00}"
EndProject
Global
	GlobalSection(SolutionConfigurationPlatforms) = preSolution
		Debug|Any CPU = Debug|Any CPU
		Release|Any CPU = Release|Any CPU
	EndGlobalSection
	GlobalSection(ProjectConfigurationPlatforms) = postSolution
		{0827CB91-8C46-4EB0-8C75-63A8E1125C00}.Debug|Any CPU.ActiveCfg = Debug|Any CPU
		{0827CB91-8C46-4EB0-8C75-63A8E1125C00}.Debug|Any CPU.Build.0 = Debug|Any CPU
		{0827CB91-8C46-4EB0-8C75-63A8E1125C00}.Release|Any CPU.ActiveCfg = Release|Any CPU
		{0827CB91-8C46-4EB0-8C75-63A8E1125C00}.Release|Any CPU.Build.0 = Release|Any CPU
	EndGlobalSection
	GlobalSection(SolutionProperties) = preSolution
		HideSolutionNode = FALSE
	EndGlobalSection
	GlobalSection(ExtensibilityGlobals) = postSolution
		SolutionGuid = {4F003F37-1773-42FE-AB83-235B59D864D9}
	EndGlobalSection
EndGlobal
