
Microsoft Visual Studio Solution File, Format Version 12.00
# Visual Studio Version 17
VisualStudioVersion = 17.8.34309.116
MinimumVisualStudioVersion = 10.0.40219.1
Project("{FAE04EC0-301F-11D3-BF4B-00C04F79EFBC}") = "mongo-net-asp-csharp", "mongo-net-asp-csharp.csproj", "{CEE1166C-6671-4C47-8191-9F868528FCB3}"
EndProject
Global
	GlobalSection(SolutionConfigurationPlatforms) = preSolution
		Debug|Any CPU = Debug|Any CPU
		Release|Any CPU = Release|Any CPU
	EndGlobalSection
	GlobalSection(ProjectConfigurationPlatforms) = postSolution
		{CEE1166C-6671-4C47-8191-9F868528FCB3}.Debug|Any CPU.ActiveCfg = Debug|Any CPU
		{CEE1166C-6671-4C47-8191-9F868528FCB3}.Debug|Any CPU.Build.0 = Debug|Any CPU
		{CEE1166C-6671-4C47-8191-9F868528FCB3}.Release|Any CPU.ActiveCfg = Release|Any CPU
		{CEE1166C-6671-4C47-8191-9F868528FCB3}.Release|Any CPU.Build.0 = Release|Any CPU
	EndGlobalSection
	GlobalSection(SolutionProperties) = preSolution
		HideSolutionNode = FALSE
	EndGlobalSection
	GlobalSection(ExtensibilityGlobals) = postSolution
		SolutionGuid = {F2CD2994-9097-46BE-8E1A-739B3DF49C07}
	EndGlobalSection
EndGlobal
