
Microsoft Visual Studio Solution File, Format Version 12.00
# Visual Studio Version 17
VisualStudioVersion = 17.8.34309.116
MinimumVisualStudioVersion = 10.0.40219.1
Project("{FAE04EC0-301F-11D3-BF4B-00C04F79EFBC}") = "csharp-asp", "csharp-asp.csproj", "{2E257237-908D-490A-8697-00FE44AFC85E}"
EndProject
Global
	GlobalSection(SolutionConfigurationPlatforms) = preSolution
		Debug|Any CPU = Debug|Any CPU
		Release|Any CPU = Release|Any CPU
	EndGlobalSection
	GlobalSection(ProjectConfigurationPlatforms) = postSolution
		{2E257237-908D-490A-8697-00FE44AFC85E}.Debug|Any CPU.ActiveCfg = Debug|Any CPU
		{2E257237-908D-490A-8697-00FE44AFC85E}.Debug|Any CPU.Build.0 = Debug|Any CPU
		{2E257237-908D-490A-8697-00FE44AFC85E}.Release|Any CPU.ActiveCfg = Release|Any CPU
		{2E257237-908D-490A-8697-00FE44AFC85E}.Release|Any CPU.Build.0 = Release|Any CPU
	EndGlobalSection
	GlobalSection(SolutionProperties) = preSolution
		HideSolutionNode = FALSE
	EndGlobalSection
	GlobalSection(ExtensibilityGlobals) = postSolution
		SolutionGuid = {5BE0017C-6A74-4A60-B2C2-B9889E58D102}
	EndGlobalSection
EndGlobal
